<Solution>
  <Folder Name="/src/">
    <Project Path="YardView.TaskManager.Server/YardView.TaskManager.Server.csproj" />
  </Folder>
  <Folder Name="/tests/">
    <Project Path="YardView.TaskManager.Server.Tests/YardView.TaskManager.Server.Tests.csproj" />
  </Folder>
  <Project Path="yardview.taskmanager.client/yardview.taskmanager.client.esproj">
    <Build />
    <Deploy />
  </Project>
</Solution>
